
Microsoft Visual Studio Solution File, Format Version 12.00
# Visual Studio Version 17
VisualStudioVersion = 17.6.33801.468
MinimumVisualStudioVersion = 10.0.40219.1
Project("{9A19103F-16F7-4668-BE54-9A1E7A4F7556}") = "lab1ex1", "lab1ex1\lab1ex1.csproj", "{4C748D68-C553-4DCB-AC3A-E24E2EC6CE8D}"
EndProject
Project("{9A19103F-16F7-4668-BE54-9A1E7A4F7556}") = "lab1ex2", "lab1ex2\lab1ex2.csproj", "{E5EB64DC-5842-4F1E-A133-41E0B6977041}"
EndProject
Project("{9A19103F-16F7-4668-BE54-9A1E7A4F7556}") = "lab1ex3", "lab1ex3\lab1ex3.csproj", "{A13E01D9-F983-4BA7-BCD6-32923E19DD5E}"
EndProject
Project("{9A19103F-16F7-4668-BE54-9A1E7A4F7556}") = "lab1ex4", "lab1ex4\lab1ex4.csproj", "{12AC501D-471A-4507-A383-BE120EAED0D6}"
EndProject
Project("{9A19103F-16F7-4668-BE54-9A1E7A4F7556}") = "lab1ex5", "lab1ex5\lab1ex5.csproj", "{E0B1C437-2578-4048-937D-A66D7222E17F}"
EndProject
Project("{9A19103F-16F7-4668-BE54-9A1E7A4F7556}") = "lab1ex6", "lab1ex6\lab1ex6.csproj", "{099A3582-8F67-40CB-A59E-C891665A507F}"
EndProject
Project("{9A19103F-16F7-4668-BE54-9A1E7A4F7556}") = "lab1ex7", "lab1ex7\lab1ex7.csproj", "{2F073D87-B4C8-4B12-8FE4-AF5F574176F2}"
EndProject
Project("{9A19103F-16F7-4668-BE54-9A1E7A4F7556}") = "lab1ex8", "lab1ex8\lab1ex8.csproj", "{124C57F9-724B-4DCF-BC8B-981AD373455D}"
EndProject
Project("{9A19103F-16F7-4668-BE54-9A1E7A4F7556}") = "lab1ex9", "lab1ex9\lab1ex9.csproj", "{A32550F2-64CE-4D62-9A3E-77CED2496DCA}"
EndProject
Project("{9A19103F-16F7-4668-BE54-9A1E7A4F7556}") = "lab2ex1", "lab2ex1\lab2ex1.csproj", "{59AC0BC0-EDA5-4FFB-8A75-B5A71AA27E02}"
EndProject
Project("{9A19103F-16F7-4668-BE54-9A1E7A4F7556}") = "lab2ex2", "lab2ex2\lab2ex2.csproj", "{36ED57BC-32E8-40EC-A5AC-6E29441DAE50}"
EndProject
Project("{9A19103F-16F7-4668-BE54-9A1E7A4F7556}") = "lab2ex3", "lab2ex3\lab2ex3.csproj", "{23763F34-00D8-444C-8993-CFEA13DFEF85}"
EndProject
Project("{9A19103F-16F7-4668-BE54-9A1E7A4F7556}") = "lab2ex4", "lab2ex4\lab2ex4.csproj", "{7CFDE57D-CD24-444E-84B1-80C3DB59940C}"
EndProject
Project("{9A19103F-16F7-4668-BE54-9A1E7A4F7556}") = "lab3ex1", "lab3ex1\lab3ex1.csproj", "{D809A435-30FF-40FA-AEE7-BB8336B1A2A5}"
EndProject
Project("{9A19103F-16F7-4668-BE54-9A1E7A4F7556}") = "lab3ex2", "lab3ex2\lab3ex2.csproj", "{AEFD95F1-1448-4488-9AB8-71D79408C2B7}"
EndProject
Project("{9A19103F-16F7-4668-BE54-9A1E7A4F7556}") = "lab3ex3", "lab3ex3\lab3ex3.csproj", "{FF9B2B88-881B-454D-BFF2-180A6C1A7FF3}"
EndProject
Project("{9A19103F-16F7-4668-BE54-9A1E7A4F7556}") = "lab3ex4", "lab3ex4\lab3ex4.csproj", "{1B19C771-F6BC-4377-B6EE-8FCA1D5B9801}"
EndProject
Project("{9A19103F-16F7-4668-BE54-9A1E7A4F7556}") = "lab3ex5", "lab3ex5\lab3ex5.csproj", "{86D6E01D-609D-4E73-BC5A-7C15AED86B12}"
EndProject
Project("{9A19103F-16F7-4668-BE54-9A1E7A4F7556}") = "lab4ex1", "lab4ex1\lab4ex1.csproj", "{42D7E81C-A3CA-4B3A-BB7E-C042BC6B4BD3}"
EndProject
Project("{9A19103F-16F7-4668-BE54-9A1E7A4F7556}") = "lab4ex2", "lab4ex2\lab4ex2.csproj", "{3EDBFA4D-57E1-4649-A512-E9858D2F8F53}"
EndProject
Project("{9A19103F-16F7-4668-BE54-9A1E7A4F7556}") = "lab4ex3", "lab4ex3\lab4ex3.csproj", "{5971B1C5-DBFC-4EC7-9258-1EBCB666AECE}"
EndProject
Project("{9A19103F-16F7-4668-BE54-9A1E7A4F7556}") = "lab4ex4", "lab4ex4\lab4ex4.csproj", "{467045A6-898E-4124-8E88-CAE7143A86F7}"
EndProject
Project("{9A19103F-16F7-4668-BE54-9A1E7A4F7556}") = "lab4ex5", "lab4ex5\lab4ex5.csproj", "{F9A44299-1817-48EF-B395-FF744B49667C}"
EndProject
Project("{9A19103F-16F7-4668-BE54-9A1E7A4F7556}") = "lab4ex6", "lab4ex6\lab4ex6.csproj", "{9C337C33-082F-40B1-848C-F949A778929C}"
EndProject
Project("{9A19103F-16F7-4668-BE54-9A1E7A4F7556}") = "lab4ex7", "lab4ex7\lab4ex7.csproj", "{DEA08908-0A5A-455E-963E-BC279E37DB25}"
EndProject
Project("{9A19103F-16F7-4668-BE54-9A1E7A4F7556}") = "lab4supliment1", "lab4supliment1\lab4supliment1.csproj", "{A4C693D0-1886-40D8-8A68-F1A9C4E2FDC3}"
EndProject
Project("{9A19103F-16F7-4668-BE54-9A1E7A4F7556}") = "lab4supliment2", "lab4supliment2\lab4supliment2.csproj", "{048255B1-AC8A-4569-8843-5E583F8C1A89}"
EndProject
Project("{2150E333-8FDC-42A3-9474-1A3956D46DE8}") = "Labs 1-4", "Labs 1-4", "{E7B5D32D-D249-406C-BF8A-124DEFF03B4D}"
EndProject
Project("{2150E333-8FDC-42A3-9474-1A3956D46DE8}") = "Labs 5-9", "Labs 5-9", "{1FFCB0D3-7E9D-4BC6-A984-4D09C5DF034F}"
EndProject
Project("{9A19103F-16F7-4668-BE54-9A1E7A4F7556}") = "lab5ex1", "lab5ex1\lab5ex1.csproj", "{C1A7306B-6196-40D6-977E-85C3D37C9C54}"
EndProject
Project("{9A19103F-16F7-4668-BE54-9A1E7A4F7556}") = "lab5ex2", "lab5ex2\lab5ex2.csproj", "{D67D6726-4666-4198-93EF-B3CAE61CB61D}"
EndProject
Project("{9A19103F-16F7-4668-BE54-9A1E7A4F7556}") = "lab5ex3", "lab5ex3\lab5ex3.csproj", "{B0170D0C-918C-4BDB-A132-50713EFB02A5}"
EndProject
Project("{9A19103F-16F7-4668-BE54-9A1E7A4F7556}") = "lab5ex4", "lab5ex4\lab5ex4.csproj", "{ACFA0319-3AFA-4B9E-A45B-F922E7903087}"
EndProject
Project("{9A19103F-16F7-4668-BE54-9A1E7A4F7556}") = "lab5ex5", "lab5ex5\lab5ex5.csproj", "{C943B007-54F4-4AA0-83F0-3AA788B33461}"
EndProject
Project("{9A19103F-16F7-4668-BE54-9A1E7A4F7556}") = "lab5ex6", "lab5ex6\lab5ex6.csproj", "{334D41DB-0100-4C6F-A2FC-9CA5B2658124}"
EndProject
Project("{9A19103F-16F7-4668-BE54-9A1E7A4F7556}") = "lab5ex7", "lab5ex7\lab5ex7.csproj", "{C92DA8CB-8879-495E-97D4-976C5AABCF03}"
EndProject
Project("{9A19103F-16F7-4668-BE54-9A1E7A4F7556}") = "lab5 exSuplimentar", "lab5 exSuplimentar\lab5 exSuplimentar.csproj", "{7CC27481-762F-4B08-B076-C0957928843F}"
EndProject
Project("{9A19103F-16F7-4668-BE54-9A1E7A4F7556}") = "lab6ex1", "lab6ex1\lab6ex1.csproj", "{ED312C94-C01F-4FDE-93B1-9D01B9772AA8}"
EndProject
Project("{9A19103F-16F7-4668-BE54-9A1E7A4F7556}") = "lab6ex2", "lab6ex2\lab6ex2.csproj", "{AE25FBA5-6B31-4B63-8C4C-720C9942B3F1}"
EndProject
Project("{9A19103F-16F7-4668-BE54-9A1E7A4F7556}") = "lab7", "lab7\lab7.csproj", "{ABD3CF5E-8F5F-4D65-9589-963E56F87C51}"
EndProject
Project("{9A19103F-16F7-4668-BE54-9A1E7A4F7556}") = "lab8", "lab8\lab8.csproj", "{C06157EB-976C-4892-9352-A90B5D65FEFE}"
EndProject
Project("{9A19103F-16F7-4668-BE54-9A1E7A4F7556}") = "lab9", "lab9\lab9.csproj", "{0864DCB4-F677-41F5-8754-54652CC099A9}"
EndProject
Project("{2150E333-8FDC-42A3-9474-1A3956D46DE8}") = "Labs 10-", "Labs 10-", "{E5C4D644-4E04-4BCF-9D07-7213A2C89AA9}"
EndProject
Project("{9A19103F-16F7-4668-BE54-9A1E7A4F7556}") = "lab10", "lab10\lab10.csproj", "{53CABC86-A08A-4D79-8FB3-C58EA9068858}"
EndProject
Project("{FAE04EC0-301F-11D3-BF4B-00C04F79EFBC}") = "lab11", "lab11\lab11.csproj", "{FEE13F51-D5D5-41D9-8F67-8FA5C5DD4CA1}"
EndProject
Global
	GlobalSection(SolutionConfigurationPlatforms) = preSolution
		Debug|Any CPU = Debug|Any CPU
		Release|Any CPU = Release|Any CPU
	EndGlobalSection
	GlobalSection(ProjectConfigurationPlatforms) = postSolution
		{4C748D68-C553-4DCB-AC3A-E24E2EC6CE8D}.Debug|Any CPU.ActiveCfg = Debug|Any CPU
		{4C748D68-C553-4DCB-AC3A-E24E2EC6CE8D}.Debug|Any CPU.Build.0 = Debug|Any CPU
		{4C748D68-C553-4DCB-AC3A-E24E2EC6CE8D}.Release|Any CPU.ActiveCfg = Release|Any CPU
		{4C748D68-C553-4DCB-AC3A-E24E2EC6CE8D}.Release|Any CPU.Build.0 = Release|Any CPU
		{E5EB64DC-5842-4F1E-A133-41E0B6977041}.Debug|Any CPU.ActiveCfg = Debug|Any CPU
		{E5EB64DC-5842-4F1E-A133-41E0B6977041}.Debug|Any CPU.Build.0 = Debug|Any CPU
		{E5EB64DC-5842-4F1E-A133-41E0B6977041}.Release|Any CPU.ActiveCfg = Release|Any CPU
		{E5EB64DC-5842-4F1E-A133-41E0B6977041}.Release|Any CPU.Build.0 = Release|Any CPU
		{A13E01D9-F983-4BA7-BCD6-32923E19DD5E}.Debug|Any CPU.ActiveCfg = Debug|Any CPU
		{A13E01D9-F983-4BA7-BCD6-32923E19DD5E}.Debug|Any CPU.Build.0 = Debug|Any CPU
		{A13E01D9-F983-4BA7-BCD6-32923E19DD5E}.Release|Any CPU.ActiveCfg = Release|Any CPU
		{A13E01D9-F983-4BA7-BCD6-32923E19DD5E}.Release|Any CPU.Build.0 = Release|Any CPU
		{12AC501D-471A-4507-A383-BE120EAED0D6}.Debug|Any CPU.ActiveCfg = Debug|Any CPU
		{12AC501D-471A-4507-A383-BE120EAED0D6}.Debug|Any CPU.Build.0 = Debug|Any CPU
		{12AC501D-471A-4507-A383-BE120EAED0D6}.Release|Any CPU.ActiveCfg = Release|Any CPU
		{12AC501D-471A-4507-A383-BE120EAED0D6}.Release|Any CPU.Build.0 = Release|Any CPU
		{E0B1C437-2578-4048-937D-A66D7222E17F}.Debug|Any CPU.ActiveCfg = Debug|Any CPU
		{E0B1C437-2578-4048-937D-A66D7222E17F}.Debug|Any CPU.Build.0 = Debug|Any CPU
		{E0B1C437-2578-4048-937D-A66D7222E17F}.Release|Any CPU.ActiveCfg = Release|Any CPU
		{E0B1C437-2578-4048-937D-A66D7222E17F}.Release|Any CPU.Build.0 = Release|Any CPU
		{099A3582-8F67-40CB-A59E-C891665A507F}.Debug|Any CPU.ActiveCfg = Debug|Any CPU
		{099A3582-8F67-40CB-A59E-C891665A507F}.Debug|Any CPU.Build.0 = Debug|Any CPU
		{099A3582-8F67-40CB-A59E-C891665A507F}.Release|Any CPU.ActiveCfg = Release|Any CPU
		{099A3582-8F67-40CB-A59E-C891665A507F}.Release|Any CPU.Build.0 = Release|Any CPU
		{2F073D87-B4C8-4B12-8FE4-AF5F574176F2}.Debug|Any CPU.ActiveCfg = Debug|Any CPU
		{2F073D87-B4C8-4B12-8FE4-AF5F574176F2}.Debug|Any CPU.Build.0 = Debug|Any CPU
		{2F073D87-B4C8-4B12-8FE4-AF5F574176F2}.Release|Any CPU.ActiveCfg = Release|Any CPU
		{2F073D87-B4C8-4B12-8FE4-AF5F574176F2}.Release|Any CPU.Build.0 = Release|Any CPU
		{124C57F9-724B-4DCF-BC8B-981AD373455D}.Debug|Any CPU.ActiveCfg = Debug|Any CPU
		{124C57F9-724B-4DCF-BC8B-981AD373455D}.Debug|Any CPU.Build.0 = Debug|Any CPU
		{124C57F9-724B-4DCF-BC8B-981AD373455D}.Release|Any CPU.ActiveCfg = Release|Any CPU
		{124C57F9-724B-4DCF-BC8B-981AD373455D}.Release|Any CPU.Build.0 = Release|Any CPU
		{A32550F2-64CE-4D62-9A3E-77CED2496DCA}.Debug|Any CPU.ActiveCfg = Debug|Any CPU
		{A32550F2-64CE-4D62-9A3E-77CED2496DCA}.Debug|Any CPU.Build.0 = Debug|Any CPU
		{A32550F2-64CE-4D62-9A3E-77CED2496DCA}.Release|Any CPU.ActiveCfg = Release|Any CPU
		{A32550F2-64CE-4D62-9A3E-77CED2496DCA}.Release|Any CPU.Build.0 = Release|Any CPU
		{59AC0BC0-EDA5-4FFB-8A75-B5A71AA27E02}.Debug|Any CPU.ActiveCfg = Debug|Any CPU
		{59AC0BC0-EDA5-4FFB-8A75-B5A71AA27E02}.Debug|Any CPU.Build.0 = Debug|Any CPU
		{59AC0BC0-EDA5-4FFB-8A75-B5A71AA27E02}.Release|Any CPU.ActiveCfg = Release|Any CPU
		{59AC0BC0-EDA5-4FFB-8A75-B5A71AA27E02}.Release|Any CPU.Build.0 = Release|Any CPU
		{36ED57BC-32E8-40EC-A5AC-6E29441DAE50}.Debug|Any CPU.ActiveCfg = Debug|Any CPU
		{36ED57BC-32E8-40EC-A5AC-6E29441DAE50}.Debug|Any CPU.Build.0 = Debug|Any CPU
		{36ED57BC-32E8-40EC-A5AC-6E29441DAE50}.Release|Any CPU.ActiveCfg = Release|Any CPU
		{36ED57BC-32E8-40EC-A5AC-6E29441DAE50}.Release|Any CPU.Build.0 = Release|Any CPU
		{23763F34-00D8-444C-8993-CFEA13DFEF85}.Debug|Any CPU.ActiveCfg = Debug|Any CPU
		{23763F34-00D8-444C-8993-CFEA13DFEF85}.Debug|Any CPU.Build.0 = Debug|Any CPU
		{23763F34-00D8-444C-8993-CFEA13DFEF85}.Release|Any CPU.ActiveCfg = Release|Any CPU
		{23763F34-00D8-444C-8993-CFEA13DFEF85}.Release|Any CPU.Build.0 = Release|Any CPU
		{7CFDE57D-CD24-444E-84B1-80C3DB59940C}.Debug|Any CPU.ActiveCfg = Debug|Any CPU
		{7CFDE57D-CD24-444E-84B1-80C3DB59940C}.Debug|Any CPU.Build.0 = Debug|Any CPU
		{7CFDE57D-CD24-444E-84B1-80C3DB59940C}.Release|Any CPU.ActiveCfg = Release|Any CPU
		{7CFDE57D-CD24-444E-84B1-80C3DB59940C}.Release|Any CPU.Build.0 = Release|Any CPU
		{D809A435-30FF-40FA-AEE7-BB8336B1A2A5}.Debug|Any CPU.ActiveCfg = Debug|Any CPU
		{D809A435-30FF-40FA-AEE7-BB8336B1A2A5}.Debug|Any CPU.Build.0 = Debug|Any CPU
		{D809A435-30FF-40FA-AEE7-BB8336B1A2A5}.Release|Any CPU.ActiveCfg = Release|Any CPU
		{D809A435-30FF-40FA-AEE7-BB8336B1A2A5}.Release|Any CPU.Build.0 = Release|Any CPU
		{AEFD95F1-1448-4488-9AB8-71D79408C2B7}.Debug|Any CPU.ActiveCfg = Debug|Any CPU
		{AEFD95F1-1448-4488-9AB8-71D79408C2B7}.Debug|Any CPU.Build.0 = Debug|Any CPU
		{AEFD95F1-1448-4488-9AB8-71D79408C2B7}.Release|Any CPU.ActiveCfg = Release|Any CPU
		{AEFD95F1-1448-4488-9AB8-71D79408C2B7}.Release|Any CPU.Build.0 = Release|Any CPU
		{FF9B2B88-881B-454D-BFF2-180A6C1A7FF3}.Debug|Any CPU.ActiveCfg = Debug|Any CPU
		{FF9B2B88-881B-454D-BFF2-180A6C1A7FF3}.Debug|Any CPU.Build.0 = Debug|Any CPU
		{FF9B2B88-881B-454D-BFF2-180A6C1A7FF3}.Release|Any CPU.ActiveCfg = Release|Any CPU
		{FF9B2B88-881B-454D-BFF2-180A6C1A7FF3}.Release|Any CPU.Build.0 = Release|Any CPU
		{1B19C771-F6BC-4377-B6EE-8FCA1D5B9801}.Debug|Any CPU.ActiveCfg = Debug|Any CPU
		{1B19C771-F6BC-4377-B6EE-8FCA1D5B9801}.Debug|Any CPU.Build.0 = Debug|Any CPU
		{1B19C771-F6BC-4377-B6EE-8FCA1D5B9801}.Release|Any CPU.ActiveCfg = Release|Any CPU
		{1B19C771-F6BC-4377-B6EE-8FCA1D5B9801}.Release|Any CPU.Build.0 = Release|Any CPU
		{86D6E01D-609D-4E73-BC5A-7C15AED86B12}.Debug|Any CPU.ActiveCfg = Debug|Any CPU
		{86D6E01D-609D-4E73-BC5A-7C15AED86B12}.Debug|Any CPU.Build.0 = Debug|Any CPU
		{86D6E01D-609D-4E73-BC5A-7C15AED86B12}.Release|Any CPU.ActiveCfg = Release|Any CPU
		{86D6E01D-609D-4E73-BC5A-7C15AED86B12}.Release|Any CPU.Build.0 = Release|Any CPU
		{42D7E81C-A3CA-4B3A-BB7E-C042BC6B4BD3}.Debug|Any CPU.ActiveCfg = Debug|Any CPU
		{42D7E81C-A3CA-4B3A-BB7E-C042BC6B4BD3}.Debug|Any CPU.Build.0 = Debug|Any CPU
		{42D7E81C-A3CA-4B3A-BB7E-C042BC6B4BD3}.Release|Any CPU.ActiveCfg = Release|Any CPU
		{42D7E81C-A3CA-4B3A-BB7E-C042BC6B4BD3}.Release|Any CPU.Build.0 = Release|Any CPU
		{3EDBFA4D-57E1-4649-A512-E9858D2F8F53}.Debug|Any CPU.ActiveCfg = Debug|Any CPU
		{3EDBFA4D-57E1-4649-A512-E9858D2F8F53}.Debug|Any CPU.Build.0 = Debug|Any CPU
		{3EDBFA4D-57E1-4649-A512-E9858D2F8F53}.Release|Any CPU.ActiveCfg = Release|Any CPU
		{3EDBFA4D-57E1-4649-A512-E9858D2F8F53}.Release|Any CPU.Build.0 = Release|Any CPU
		{5971B1C5-DBFC-4EC7-9258-1EBCB666AECE}.Debug|Any CPU.ActiveCfg = Debug|Any CPU
		{5971B1C5-DBFC-4EC7-9258-1EBCB666AECE}.Debug|Any CPU.Build.0 = Debug|Any CPU
		{5971B1C5-DBFC-4EC7-9258-1EBCB666AECE}.Release|Any CPU.ActiveCfg = Release|Any CPU
		{5971B1C5-DBFC-4EC7-9258-1EBCB666AECE}.Release|Any CPU.Build.0 = Release|Any CPU
		{467045A6-898E-4124-8E88-CAE7143A86F7}.Debug|Any CPU.ActiveCfg = Debug|Any CPU
		{467045A6-898E-4124-8E88-CAE7143A86F7}.Debug|Any CPU.Build.0 = Debug|Any CPU
		{467045A6-898E-4124-8E88-CAE7143A86F7}.Release|Any CPU.ActiveCfg = Release|Any CPU
		{467045A6-898E-4124-8E88-CAE7143A86F7}.Release|Any CPU.Build.0 = Release|Any CPU
		{F9A44299-1817-48EF-B395-FF744B49667C}.Debug|Any CPU.ActiveCfg = Debug|Any CPU
		{F9A44299-1817-48EF-B395-FF744B49667C}.Debug|Any CPU.Build.0 = Debug|Any CPU
		{F9A44299-1817-48EF-B395-FF744B49667C}.Release|Any CPU.ActiveCfg = Release|Any CPU
		{F9A44299-1817-48EF-B395-FF744B49667C}.Release|Any CPU.Build.0 = Release|Any CPU
		{9C337C33-082F-40B1-848C-F949A778929C}.Debug|Any CPU.ActiveCfg = Debug|Any CPU
		{9C337C33-082F-40B1-848C-F949A778929C}.Debug|Any CPU.Build.0 = Debug|Any CPU
		{9C337C33-082F-40B1-848C-F949A778929C}.Release|Any CPU.ActiveCfg = Release|Any CPU
		{9C337C33-082F-40B1-848C-F949A778929C}.Release|Any CPU.Build.0 = Release|Any CPU
		{DEA08908-0A5A-455E-963E-BC279E37DB25}.Debug|Any CPU.ActiveCfg = Debug|Any CPU
		{DEA08908-0A5A-455E-963E-BC279E37DB25}.Debug|Any CPU.Build.0 = Debug|Any CPU
		{DEA08908-0A5A-455E-963E-BC279E37DB25}.Release|Any CPU.ActiveCfg = Release|Any CPU
		{DEA08908-0A5A-455E-963E-BC279E37DB25}.Release|Any CPU.Build.0 = Release|Any CPU
		{A4C693D0-1886-40D8-8A68-F1A9C4E2FDC3}.Debug|Any CPU.ActiveCfg = Debug|Any CPU
		{A4C693D0-1886-40D8-8A68-F1A9C4E2FDC3}.Debug|Any CPU.Build.0 = Debug|Any CPU
		{A4C693D0-1886-40D8-8A68-F1A9C4E2FDC3}.Release|Any CPU.ActiveCfg = Release|Any CPU
		{A4C693D0-1886-40D8-8A68-F1A9C4E2FDC3}.Release|Any CPU.Build.0 = Release|Any CPU
		{048255B1-AC8A-4569-8843-5E583F8C1A89}.Debug|Any CPU.ActiveCfg = Debug|Any CPU
		{048255B1-AC8A-4569-8843-5E583F8C1A89}.Debug|Any CPU.Build.0 = Debug|Any CPU
		{048255B1-AC8A-4569-8843-5E583F8C1A89}.Release|Any CPU.ActiveCfg = Release|Any CPU
		{048255B1-AC8A-4569-8843-5E583F8C1A89}.Release|Any CPU.Build.0 = Release|Any CPU
		{C1A7306B-6196-40D6-977E-85C3D37C9C54}.Debug|Any CPU.ActiveCfg = Debug|Any CPU
		{C1A7306B-6196-40D6-977E-85C3D37C9C54}.Debug|Any CPU.Build.0 = Debug|Any CPU
		{C1A7306B-6196-40D6-977E-85C3D37C9C54}.Release|Any CPU.ActiveCfg = Release|Any CPU
		{C1A7306B-6196-40D6-977E-85C3D37C9C54}.Release|Any CPU.Build.0 = Release|Any CPU
		{D67D6726-4666-4198-93EF-B3CAE61CB61D}.Debug|Any CPU.ActiveCfg = Debug|Any CPU
		{D67D6726-4666-4198-93EF-B3CAE61CB61D}.Debug|Any CPU.Build.0 = Debug|Any CPU
		{D67D6726-4666-4198-93EF-B3CAE61CB61D}.Release|Any CPU.ActiveCfg = Release|Any CPU
		{D67D6726-4666-4198-93EF-B3CAE61CB61D}.Release|Any CPU.Build.0 = Release|Any CPU
		{B0170D0C-918C-4BDB-A132-50713EFB02A5}.Debug|Any CPU.ActiveCfg = Debug|Any CPU
		{B0170D0C-918C-4BDB-A132-50713EFB02A5}.Debug|Any CPU.Build.0 = Debug|Any CPU
		{B0170D0C-918C-4BDB-A132-50713EFB02A5}.Release|Any CPU.ActiveCfg = Release|Any CPU
		{B0170D0C-918C-4BDB-A132-50713EFB02A5}.Release|Any CPU.Build.0 = Release|Any CPU
		{ACFA0319-3AFA-4B9E-A45B-F922E7903087}.Debug|Any CPU.ActiveCfg = Debug|Any CPU
		{ACFA0319-3AFA-4B9E-A45B-F922E7903087}.Debug|Any CPU.Build.0 = Debug|Any CPU
		{ACFA0319-3AFA-4B9E-A45B-F922E7903087}.Release|Any CPU.ActiveCfg = Release|Any CPU
		{ACFA0319-3AFA-4B9E-A45B-F922E7903087}.Release|Any CPU.Build.0 = Release|Any CPU
		{C943B007-54F4-4AA0-83F0-3AA788B33461}.Debug|Any CPU.ActiveCfg = Debug|Any CPU
		{C943B007-54F4-4AA0-83F0-3AA788B33461}.Debug|Any CPU.Build.0 = Debug|Any CPU
		{C943B007-54F4-4AA0-83F0-3AA788B33461}.Release|Any CPU.ActiveCfg = Release|Any CPU
		{C943B007-54F4-4AA0-83F0-3AA788B33461}.Release|Any CPU.Build.0 = Release|Any CPU
		{334D41DB-0100-4C6F-A2FC-9CA5B2658124}.Debug|Any CPU.ActiveCfg = Debug|Any CPU
		{334D41DB-0100-4C6F-A2FC-9CA5B2658124}.Debug|Any CPU.Build.0 = Debug|Any CPU
		{334D41DB-0100-4C6F-A2FC-9CA5B2658124}.Release|Any CPU.ActiveCfg = Release|Any CPU
		{334D41DB-0100-4C6F-A2FC-9CA5B2658124}.Release|Any CPU.Build.0 = Release|Any CPU
		{C92DA8CB-8879-495E-97D4-976C5AABCF03}.Debug|Any CPU.ActiveCfg = Debug|Any CPU
		{C92DA8CB-8879-495E-97D4-976C5AABCF03}.Debug|Any CPU.Build.0 = Debug|Any CPU
		{C92DA8CB-8879-495E-97D4-976C5AABCF03}.Release|Any CPU.ActiveCfg = Release|Any CPU
		{C92DA8CB-8879-495E-97D4-976C5AABCF03}.Release|Any CPU.Build.0 = Release|Any CPU
		{7CC27481-762F-4B08-B076-C0957928843F}.Debug|Any CPU.ActiveCfg = Debug|Any CPU
		{7CC27481-762F-4B08-B076-C0957928843F}.Debug|Any CPU.Build.0 = Debug|Any CPU
		{7CC27481-762F-4B08-B076-C0957928843F}.Release|Any CPU.ActiveCfg = Release|Any CPU
		{7CC27481-762F-4B08-B076-C0957928843F}.Release|Any CPU.Build.0 = Release|Any CPU
		{ED312C94-C01F-4FDE-93B1-9D01B9772AA8}.Debug|Any CPU.ActiveCfg = Debug|Any CPU
		{ED312C94-C01F-4FDE-93B1-9D01B9772AA8}.Debug|Any CPU.Build.0 = Debug|Any CPU
		{ED312C94-C01F-4FDE-93B1-9D01B9772AA8}.Release|Any CPU.ActiveCfg = Release|Any CPU
		{ED312C94-C01F-4FDE-93B1-9D01B9772AA8}.Release|Any CPU.Build.0 = Release|Any CPU
		{AE25FBA5-6B31-4B63-8C4C-720C9942B3F1}.Debug|Any CPU.ActiveCfg = Debug|Any CPU
		{AE25FBA5-6B31-4B63-8C4C-720C9942B3F1}.Debug|Any CPU.Build.0 = Debug|Any CPU
		{AE25FBA5-6B31-4B63-8C4C-720C9942B3F1}.Release|Any CPU.ActiveCfg = Release|Any CPU
		{AE25FBA5-6B31-4B63-8C4C-720C9942B3F1}.Release|Any CPU.Build.0 = Release|Any CPU
		{ABD3CF5E-8F5F-4D65-9589-963E56F87C51}.Debug|Any CPU.ActiveCfg = Debug|Any CPU
		{ABD3CF5E-8F5F-4D65-9589-963E56F87C51}.Debug|Any CPU.Build.0 = Debug|Any CPU
		{ABD3CF5E-8F5F-4D65-9589-963E56F87C51}.Release|Any CPU.ActiveCfg = Release|Any CPU
		{ABD3CF5E-8F5F-4D65-9589-963E56F87C51}.Release|Any CPU.Build.0 = Release|Any CPU
		{C06157EB-976C-4892-9352-A90B5D65FEFE}.Debug|Any CPU.ActiveCfg = Debug|Any CPU
		{C06157EB-976C-4892-9352-A90B5D65FEFE}.Debug|Any CPU.Build.0 = Debug|Any CPU
		{C06157EB-976C-4892-9352-A90B5D65FEFE}.Release|Any CPU.ActiveCfg = Release|Any CPU
		{C06157EB-976C-4892-9352-A90B5D65FEFE}.Release|Any CPU.Build.0 = Release|Any CPU
		{0864DCB4-F677-41F5-8754-54652CC099A9}.Debug|Any CPU.ActiveCfg = Debug|Any CPU
		{0864DCB4-F677-41F5-8754-54652CC099A9}.Debug|Any CPU.Build.0 = Debug|Any CPU
		{0864DCB4-F677-41F5-8754-54652CC099A9}.Release|Any CPU.ActiveCfg = Release|Any CPU
		{0864DCB4-F677-41F5-8754-54652CC099A9}.Release|Any CPU.Build.0 = Release|Any CPU
		{53CABC86-A08A-4D79-8FB3-C58EA9068858}.Debug|Any CPU.ActiveCfg = Debug|Any CPU
		{53CABC86-A08A-4D79-8FB3-C58EA9068858}.Debug|Any CPU.Build.0 = Debug|Any CPU
		{53CABC86-A08A-4D79-8FB3-C58EA9068858}.Release|Any CPU.ActiveCfg = Release|Any CPU
		{53CABC86-A08A-4D79-8FB3-C58EA9068858}.Release|Any CPU.Build.0 = Release|Any CPU
		{FEE13F51-D5D5-41D9-8F67-8FA5C5DD4CA1}.Debug|Any CPU.ActiveCfg = Debug|Any CPU
		{FEE13F51-D5D5-41D9-8F67-8FA5C5DD4CA1}.Debug|Any CPU.Build.0 = Debug|Any CPU
		{FEE13F51-D5D5-41D9-8F67-8FA5C5DD4CA1}.Release|Any CPU.ActiveCfg = Release|Any CPU
		{FEE13F51-D5D5-41D9-8F67-8FA5C5DD4CA1}.Release|Any CPU.Build.0 = Release|Any CPU
	EndGlobalSection
	GlobalSection(SolutionProperties) = preSolution
		HideSolutionNode = FALSE
	EndGlobalSection
	GlobalSection(NestedProjects) = preSolution
		{4C748D68-C553-4DCB-AC3A-E24E2EC6CE8D} = {E7B5D32D-D249-406C-BF8A-124DEFF03B4D}
		{E5EB64DC-5842-4F1E-A133-41E0B6977041} = {E7B5D32D-D249-406C-BF8A-124DEFF03B4D}
		{A13E01D9-F983-4BA7-BCD6-32923E19DD5E} = {E7B5D32D-D249-406C-BF8A-124DEFF03B4D}
		{12AC501D-471A-4507-A383-BE120EAED0D6} = {E7B5D32D-D249-406C-BF8A-124DEFF03B4D}
		{E0B1C437-2578-4048-937D-A66D7222E17F} = {E7B5D32D-D249-406C-BF8A-124DEFF03B4D}
		{099A3582-8F67-40CB-A59E-C891665A507F} = {E7B5D32D-D249-406C-BF8A-124DEFF03B4D}
		{2F073D87-B4C8-4B12-8FE4-AF5F574176F2} = {E7B5D32D-D249-406C-BF8A-124DEFF03B4D}
		{124C57F9-724B-4DCF-BC8B-981AD373455D} = {E7B5D32D-D249-406C-BF8A-124DEFF03B4D}
		{A32550F2-64CE-4D62-9A3E-77CED2496DCA} = {E7B5D32D-D249-406C-BF8A-124DEFF03B4D}
		{59AC0BC0-EDA5-4FFB-8A75-B5A71AA27E02} = {E7B5D32D-D249-406C-BF8A-124DEFF03B4D}
		{36ED57BC-32E8-40EC-A5AC-6E29441DAE50} = {E7B5D32D-D249-406C-BF8A-124DEFF03B4D}
		{23763F34-00D8-444C-8993-CFEA13DFEF85} = {E7B5D32D-D249-406C-BF8A-124DEFF03B4D}
		{7CFDE57D-CD24-444E-84B1-80C3DB59940C} = {E7B5D32D-D249-406C-BF8A-124DEFF03B4D}
		{D809A435-30FF-40FA-AEE7-BB8336B1A2A5} = {E7B5D32D-D249-406C-BF8A-124DEFF03B4D}
		{AEFD95F1-1448-4488-9AB8-71D79408C2B7} = {E7B5D32D-D249-406C-BF8A-124DEFF03B4D}
		{FF9B2B88-881B-454D-BFF2-180A6C1A7FF3} = {E7B5D32D-D249-406C-BF8A-124DEFF03B4D}
		{1B19C771-F6BC-4377-B6EE-8FCA1D5B9801} = {E7B5D32D-D249-406C-BF8A-124DEFF03B4D}
		{86D6E01D-609D-4E73-BC5A-7C15AED86B12} = {E7B5D32D-D249-406C-BF8A-124DEFF03B4D}
		{42D7E81C-A3CA-4B3A-BB7E-C042BC6B4BD3} = {E7B5D32D-D249-406C-BF8A-124DEFF03B4D}
		{3EDBFA4D-57E1-4649-A512-E9858D2F8F53} = {E7B5D32D-D249-406C-BF8A-124DEFF03B4D}
		{5971B1C5-DBFC-4EC7-9258-1EBCB666AECE} = {E7B5D32D-D249-406C-BF8A-124DEFF03B4D}
		{467045A6-898E-4124-8E88-CAE7143A86F7} = {E7B5D32D-D249-406C-BF8A-124DEFF03B4D}
		{F9A44299-1817-48EF-B395-FF744B49667C} = {E7B5D32D-D249-406C-BF8A-124DEFF03B4D}
		{9C337C33-082F-40B1-848C-F949A778929C} = {E7B5D32D-D249-406C-BF8A-124DEFF03B4D}
		{DEA08908-0A5A-455E-963E-BC279E37DB25} = {E7B5D32D-D249-406C-BF8A-124DEFF03B4D}
		{A4C693D0-1886-40D8-8A68-F1A9C4E2FDC3} = {E7B5D32D-D249-406C-BF8A-124DEFF03B4D}
		{048255B1-AC8A-4569-8843-5E583F8C1A89} = {E7B5D32D-D249-406C-BF8A-124DEFF03B4D}
		{C1A7306B-6196-40D6-977E-85C3D37C9C54} = {1FFCB0D3-7E9D-4BC6-A984-4D09C5DF034F}
		{D67D6726-4666-4198-93EF-B3CAE61CB61D} = {1FFCB0D3-7E9D-4BC6-A984-4D09C5DF034F}
		{B0170D0C-918C-4BDB-A132-50713EFB02A5} = {1FFCB0D3-7E9D-4BC6-A984-4D09C5DF034F}
		{ACFA0319-3AFA-4B9E-A45B-F922E7903087} = {1FFCB0D3-7E9D-4BC6-A984-4D09C5DF034F}
		{C943B007-54F4-4AA0-83F0-3AA788B33461} = {1FFCB0D3-7E9D-4BC6-A984-4D09C5DF034F}
		{334D41DB-0100-4C6F-A2FC-9CA5B2658124} = {1FFCB0D3-7E9D-4BC6-A984-4D09C5DF034F}
		{C92DA8CB-8879-495E-97D4-976C5AABCF03} = {1FFCB0D3-7E9D-4BC6-A984-4D09C5DF034F}
		{7CC27481-762F-4B08-B076-C0957928843F} = {1FFCB0D3-7E9D-4BC6-A984-4D09C5DF034F}
		{ED312C94-C01F-4FDE-93B1-9D01B9772AA8} = {1FFCB0D3-7E9D-4BC6-A984-4D09C5DF034F}
		{AE25FBA5-6B31-4B63-8C4C-720C9942B3F1} = {1FFCB0D3-7E9D-4BC6-A984-4D09C5DF034F}
		{ABD3CF5E-8F5F-4D65-9589-963E56F87C51} = {1FFCB0D3-7E9D-4BC6-A984-4D09C5DF034F}
		{C06157EB-976C-4892-9352-A90B5D65FEFE} = {1FFCB0D3-7E9D-4BC6-A984-4D09C5DF034F}
		{0864DCB4-F677-41F5-8754-54652CC099A9} = {1FFCB0D3-7E9D-4BC6-A984-4D09C5DF034F}
		{53CABC86-A08A-4D79-8FB3-C58EA9068858} = {E5C4D644-4E04-4BCF-9D07-7213A2C89AA9}
		{FEE13F51-D5D5-41D9-8F67-8FA5C5DD4CA1} = {E5C4D644-4E04-4BCF-9D07-7213A2C89AA9}
	EndGlobalSection
	GlobalSection(ExtensibilityGlobals) = postSolution
		SolutionGuid = {D74C704E-AD8B-4628-B00F-50611EC1965C}
	EndGlobalSection
EndGlobal
