
Microsoft Visual Studio Solution File, Format Version 12.00
# Visual Studio Version 17
VisualStudioVersion = 17.6.33801.468
MinimumVisualStudioVersion = 10.0.40219.1
Project("{9A19103F-16F7-4668-BE54-9A1E7A4F7556}") = "lab1ex1", "lab1ex1\lab1ex1.csproj", "{4C748D68-C553-4DCB-AC3A-E24E2EC6CE8D}"
EndProject
Project("{9A19103F-16F7-4668-BE54-9A1E7A4F7556}") = "lab1ex2", "lab1ex2\lab1ex2.csproj", "{E5EB64DC-5842-4F1E-A133-41E0B6977041}"
EndProject
Project("{9A19103F-16F7-4668-BE54-9A1E7A4F7556}") = "lab1ex3", "lab1ex3\lab1ex3.csproj", "{A13E01D9-F983-4BA7-BCD6-32923E19DD5E}"
EndProject
Project("{9A19103F-16F7-4668-BE54-9A1E7A4F7556}") = "lab1ex4", "lab1ex4\lab1ex4.csproj", "{12AC501D-471A-4507-A383-BE120EAED0D6}"
EndProject
Project("{9A19103F-16F7-4668-BE54-9A1E7A4F7556}") = "lab1ex5", "lab1ex5\lab1ex5.csproj", "{E0B1C437-2578-4048-937D-A66D7222E17F}"
EndProject
Project("{9A19103F-16F7-4668-BE54-9A1E7A4F7556}") = "lab1ex6", "lab1ex6\lab1ex6.csproj", "{099A3582-8F67-40CB-A59E-C891665A507F}"
EndProject
Project("{9A19103F-16F7-4668-BE54-9A1E7A4F7556}") = "lab1ex7", "lab1ex7\lab1ex7.csproj", "{2F073D87-B4C8-4B12-8FE4-AF5F574176F2}"
EndProject
Project("{9A19103F-16F7-4668-BE54-9A1E7A4F7556}") = "lab1ex8", "lab1ex8\lab1ex8.csproj", "{124C57F9-724B-4DCF-BC8B-981AD373455D}"
EndProject
Project("{9A19103F-16F7-4668-BE54-9A1E7A4F7556}") = "lab1ex9", "lab1ex9\lab1ex9.csproj", "{A32550F2-64CE-4D62-9A3E-77CED2496DCA}"
EndProject
Project("{9A19103F-16F7-4668-BE54-9A1E7A4F7556}") = "lab2ex1", "lab2ex1\lab2ex1.csproj", "{59AC0BC0-EDA5-4FFB-8A75-B5A71AA27E02}"
EndProject
Project("{9A19103F-16F7-4668-BE54-9A1E7A4F7556}") = "lab2ex2", "lab2ex2\lab2ex2.csproj", "{36ED57BC-32E8-40EC-A5AC-6E29441DAE50}"
EndProject
Project("{9A19103F-16F7-4668-BE54-9A1E7A4F7556}") = "lab2ex3", "lab2ex3\lab2ex3.csproj", "{23763F34-00D8-444C-8993-CFEA13DFEF85}"
EndProject
Project("{9A19103F-16F7-4668-BE54-9A1E7A4F7556}") = "lab2ex4", "lab2ex4\lab2ex4.csproj", "{7CFDE57D-CD24-444E-84B1-80C3DB59940C}"
EndProject
Project("{FAE04EC0-301F-11D3-BF4B-00C04F79EFBC}") = "lab3ex1", "lab3ex1\lab3ex1.csproj", "{D809A435-30FF-40FA-AEE7-BB8336B1A2A5}"
EndProject
Project("{FAE04EC0-301F-11D3-BF4B-00C04F79EFBC}") = "lab3ex2", "lab3ex2\lab3ex2.csproj", "{AEFD95F1-1448-4488-9AB8-71D79408C2B7}"
EndProject
Project("{FAE04EC0-301F-11D3-BF4B-00C04F79EFBC}") = "lab3ex3", "lab3ex3\lab3ex3.csproj", "{FF9B2B88-881B-454D-BFF2-180A6C1A7FF3}"
EndProject
Project("{FAE04EC0-301F-11D3-BF4B-00C04F79EFBC}") = "lab3ex4", "lab3ex4\lab3ex4.csproj", "{1B19C771-F6BC-4377-B6EE-8FCA1D5B9801}"
EndProject
Global
	GlobalSection(SolutionConfigurationPlatforms) = preSolution
		Debug|Any CPU = Debug|Any CPU
		Release|Any CPU = Release|Any CPU
	EndGlobalSection
	GlobalSection(ProjectConfigurationPlatforms) = postSolution
		{4C748D68-C553-4DCB-AC3A-E24E2EC6CE8D}.Debug|Any CPU.ActiveCfg = Debug|Any CPU
		{4C748D68-C553-4DCB-AC3A-E24E2EC6CE8D}.Debug|Any CPU.Build.0 = Debug|Any CPU
		{4C748D68-C553-4DCB-AC3A-E24E2EC6CE8D}.Release|Any CPU.ActiveCfg = Release|Any CPU
		{4C748D68-C553-4DCB-AC3A-E24E2EC6CE8D}.Release|Any CPU.Build.0 = Release|Any CPU
		{E5EB64DC-5842-4F1E-A133-41E0B6977041}.Debug|Any CPU.ActiveCfg = Debug|Any CPU
		{E5EB64DC-5842-4F1E-A133-41E0B6977041}.Debug|Any CPU.Build.0 = Debug|Any CPU
		{E5EB64DC-5842-4F1E-A133-41E0B6977041}.Release|Any CPU.ActiveCfg = Release|Any CPU
		{E5EB64DC-5842-4F1E-A133-41E0B6977041}.Release|Any CPU.Build.0 = Release|Any CPU
		{A13E01D9-F983-4BA7-BCD6-32923E19DD5E}.Debug|Any CPU.ActiveCfg = Debug|Any CPU
		{A13E01D9-F983-4BA7-BCD6-32923E19DD5E}.Debug|Any CPU.Build.0 = Debug|Any CPU
		{A13E01D9-F983-4BA7-BCD6-32923E19DD5E}.Release|Any CPU.ActiveCfg = Release|Any CPU
		{A13E01D9-F983-4BA7-BCD6-32923E19DD5E}.Release|Any CPU.Build.0 = Release|Any CPU
		{12AC501D-471A-4507-A383-BE120EAED0D6}.Debug|Any CPU.ActiveCfg = Debug|Any CPU
		{12AC501D-471A-4507-A383-BE120EAED0D6}.Debug|Any CPU.Build.0 = Debug|Any CPU
		{12AC501D-471A-4507-A383-BE120EAED0D6}.Release|Any CPU.ActiveCfg = Release|Any CPU
		{12AC501D-471A-4507-A383-BE120EAED0D6}.Release|Any CPU.Build.0 = Release|Any CPU
		{E0B1C437-2578-4048-937D-A66D7222E17F}.Debug|Any CPU.ActiveCfg = Debug|Any CPU
		{E0B1C437-2578-4048-937D-A66D7222E17F}.Debug|Any CPU.Build.0 = Debug|Any CPU
		{E0B1C437-2578-4048-937D-A66D7222E17F}.Release|Any CPU.ActiveCfg = Release|Any CPU
		{E0B1C437-2578-4048-937D-A66D7222E17F}.Release|Any CPU.Build.0 = Release|Any CPU
		{099A3582-8F67-40CB-A59E-C891665A507F}.Debug|Any CPU.ActiveCfg = Debug|Any CPU
		{099A3582-8F67-40CB-A59E-C891665A507F}.Debug|Any CPU.Build.0 = Debug|Any CPU
		{099A3582-8F67-40CB-A59E-C891665A507F}.Release|Any CPU.ActiveCfg = Release|Any CPU
		{099A3582-8F67-40CB-A59E-C891665A507F}.Release|Any CPU.Build.0 = Release|Any CPU
		{2F073D87-B4C8-4B12-8FE4-AF5F574176F2}.Debug|Any CPU.ActiveCfg = Debug|Any CPU
		{2F073D87-B4C8-4B12-8FE4-AF5F574176F2}.Debug|Any CPU.Build.0 = Debug|Any CPU
		{2F073D87-B4C8-4B12-8FE4-AF5F574176F2}.Release|Any CPU.ActiveCfg = Release|Any CPU
		{2F073D87-B4C8-4B12-8FE4-AF5F574176F2}.Release|Any CPU.Build.0 = Release|Any CPU
		{124C57F9-724B-4DCF-BC8B-981AD373455D}.Debug|Any CPU.ActiveCfg = Debug|Any CPU
		{124C57F9-724B-4DCF-BC8B-981AD373455D}.Debug|Any CPU.Build.0 = Debug|Any CPU
		{124C57F9-724B-4DCF-BC8B-981AD373455D}.Release|Any CPU.ActiveCfg = Release|Any CPU
		{124C57F9-724B-4DCF-BC8B-981AD373455D}.Release|Any CPU.Build.0 = Release|Any CPU
		{A32550F2-64CE-4D62-9A3E-77CED2496DCA}.Debug|Any CPU.ActiveCfg = Debug|Any CPU
		{A32550F2-64CE-4D62-9A3E-77CED2496DCA}.Debug|Any CPU.Build.0 = Debug|Any CPU
		{A32550F2-64CE-4D62-9A3E-77CED2496DCA}.Release|Any CPU.ActiveCfg = Release|Any CPU
		{A32550F2-64CE-4D62-9A3E-77CED2496DCA}.Release|Any CPU.Build.0 = Release|Any CPU
		{59AC0BC0-EDA5-4FFB-8A75-B5A71AA27E02}.Debug|Any CPU.ActiveCfg = Debug|Any CPU
		{59AC0BC0-EDA5-4FFB-8A75-B5A71AA27E02}.Debug|Any CPU.Build.0 = Debug|Any CPU
		{59AC0BC0-EDA5-4FFB-8A75-B5A71AA27E02}.Release|Any CPU.ActiveCfg = Release|Any CPU
		{59AC0BC0-EDA5-4FFB-8A75-B5A71AA27E02}.Release|Any CPU.Build.0 = Release|Any CPU
		{36ED57BC-32E8-40EC-A5AC-6E29441DAE50}.Debug|Any CPU.ActiveCfg = Debug|Any CPU
		{36ED57BC-32E8-40EC-A5AC-6E29441DAE50}.Debug|Any CPU.Build.0 = Debug|Any CPU
		{36ED57BC-32E8-40EC-A5AC-6E29441DAE50}.Release|Any CPU.ActiveCfg = Release|Any CPU
		{36ED57BC-32E8-40EC-A5AC-6E29441DAE50}.Release|Any CPU.Build.0 = Release|Any CPU
		{23763F34-00D8-444C-8993-CFEA13DFEF85}.Debug|Any CPU.ActiveCfg = Debug|Any CPU
		{23763F34-00D8-444C-8993-CFEA13DFEF85}.Debug|Any CPU.Build.0 = Debug|Any CPU
		{23763F34-00D8-444C-8993-CFEA13DFEF85}.Release|Any CPU.ActiveCfg = Release|Any CPU
		{23763F34-00D8-444C-8993-CFEA13DFEF85}.Release|Any CPU.Build.0 = Release|Any CPU
		{7CFDE57D-CD24-444E-84B1-80C3DB59940C}.Debug|Any CPU.ActiveCfg = Debug|Any CPU
		{7CFDE57D-CD24-444E-84B1-80C3DB59940C}.Debug|Any CPU.Build.0 = Debug|Any CPU
		{7CFDE57D-CD24-444E-84B1-80C3DB59940C}.Release|Any CPU.ActiveCfg = Release|Any CPU
		{7CFDE57D-CD24-444E-84B1-80C3DB59940C}.Release|Any CPU.Build.0 = Release|Any CPU
		{D809A435-30FF-40FA-AEE7-BB8336B1A2A5}.Debug|Any CPU.ActiveCfg = Debug|Any CPU
		{D809A435-30FF-40FA-AEE7-BB8336B1A2A5}.Debug|Any CPU.Build.0 = Debug|Any CPU
		{D809A435-30FF-40FA-AEE7-BB8336B1A2A5}.Release|Any CPU.ActiveCfg = Release|Any CPU
		{D809A435-30FF-40FA-AEE7-BB8336B1A2A5}.Release|Any CPU.Build.0 = Release|Any CPU
		{AEFD95F1-1448-4488-9AB8-71D79408C2B7}.Debug|Any CPU.ActiveCfg = Debug|Any CPU
		{AEFD95F1-1448-4488-9AB8-71D79408C2B7}.Debug|Any CPU.Build.0 = Debug|Any CPU
		{AEFD95F1-1448-4488-9AB8-71D79408C2B7}.Release|Any CPU.ActiveCfg = Release|Any CPU
		{AEFD95F1-1448-4488-9AB8-71D79408C2B7}.Release|Any CPU.Build.0 = Release|Any CPU
		{FF9B2B88-881B-454D-BFF2-180A6C1A7FF3}.Debug|Any CPU.ActiveCfg = Debug|Any CPU
		{FF9B2B88-881B-454D-BFF2-180A6C1A7FF3}.Debug|Any CPU.Build.0 = Debug|Any CPU
		{FF9B2B88-881B-454D-BFF2-180A6C1A7FF3}.Release|Any CPU.ActiveCfg = Release|Any CPU
		{FF9B2B88-881B-454D-BFF2-180A6C1A7FF3}.Release|Any CPU.Build.0 = Release|Any CPU
		{1B19C771-F6BC-4377-B6EE-8FCA1D5B9801}.Debug|Any CPU.ActiveCfg = Debug|Any CPU
		{1B19C771-F6BC-4377-B6EE-8FCA1D5B9801}.Debug|Any CPU.Build.0 = Debug|Any CPU
		{1B19C771-F6BC-4377-B6EE-8FCA1D5B9801}.Release|Any CPU.ActiveCfg = Release|Any CPU
		{1B19C771-F6BC-4377-B6EE-8FCA1D5B9801}.Release|Any CPU.Build.0 = Release|Any CPU
	EndGlobalSection
	GlobalSection(SolutionProperties) = preSolution
		HideSolutionNode = FALSE
	EndGlobalSection
	GlobalSection(ExtensibilityGlobals) = postSolution
		SolutionGuid = {D74C704E-AD8B-4628-B00F-50611EC1965C}
	EndGlobalSection
EndGlobal
