
Microsoft Visual Studio Solution File, Format Version 12.00
# Visual Studio Version 17
VisualStudioVersion = 17.6.33801.468
MinimumVisualStudioVersion = 10.0.40219.1
Project("{FAE04EC0-301F-11D3-BF4B-00C04F79EFBC}") = "lab1ex1", "lab1ex1\lab1ex1.csproj", "{4C748D68-C553-4DCB-AC3A-E24E2EC6CE8D}"
EndProject
Project("{FAE04EC0-301F-11D3-BF4B-00C04F79EFBC}") = "lab1ex2", "lab1ex2\lab1ex2.csproj", "{E5EB64DC-5842-4F1E-A133-41E0B6977041}"
EndProject
Project("{FAE04EC0-301F-11D3-BF4B-00C04F79EFBC}") = "lab1ex3", "lab1ex3\lab1ex3.csproj", "{A13E01D9-F983-4BA7-BCD6-32923E19DD5E}"
EndProject
Project("{FAE04EC0-301F-11D3-BF4B-00C04F79EFBC}") = "lab1ex4", "lab1ex4\lab1ex4.csproj", "{12AC501D-471A-4507-A383-BE120EAED0D6}"
EndProject
Project("{FAE04EC0-301F-11D3-BF4B-00C04F79EFBC}") = "lab1ex5", "lab1ex5\lab1ex5.csproj", "{E0B1C437-2578-4048-937D-A66D7222E17F}"
EndProject
Project("{FAE04EC0-301F-11D3-BF4B-00C04F79EFBC}") = "lab1ex6", "lab1ex6\lab1ex6.csproj", "{099A3582-8F67-40CB-A59E-C891665A507F}"
EndProject
Project("{FAE04EC0-301F-11D3-BF4B-00C04F79EFBC}") = "lab1ex7", "lab1ex7\lab1ex7.csproj", "{2F073D87-B4C8-4B12-8FE4-AF5F574176F2}"
EndProject
Global
	GlobalSection(SolutionConfigurationPlatforms) = preSolution
		Debug|Any CPU = Debug|Any CPU
		Release|Any CPU = Release|Any CPU
	EndGlobalSection
	GlobalSection(ProjectConfigurationPlatforms) = postSolution
		{4C748D68-C553-4DCB-AC3A-E24E2EC6CE8D}.Debug|Any CPU.ActiveCfg = Debug|Any CPU
		{4C748D68-C553-4DCB-AC3A-E24E2EC6CE8D}.Debug|Any CPU.Build.0 = Debug|Any CPU
		{4C748D68-C553-4DCB-AC3A-E24E2EC6CE8D}.Release|Any CPU.ActiveCfg = Release|Any CPU
		{4C748D68-C553-4DCB-AC3A-E24E2EC6CE8D}.Release|Any CPU.Build.0 = Release|Any CPU
		{E5EB64DC-5842-4F1E-A133-41E0B6977041}.Debug|Any CPU.ActiveCfg = Debug|Any CPU
		{E5EB64DC-5842-4F1E-A133-41E0B6977041}.Debug|Any CPU.Build.0 = Debug|Any CPU
		{E5EB64DC-5842-4F1E-A133-41E0B6977041}.Release|Any CPU.ActiveCfg = Release|Any CPU
		{E5EB64DC-5842-4F1E-A133-41E0B6977041}.Release|Any CPU.Build.0 = Release|Any CPU
		{A13E01D9-F983-4BA7-BCD6-32923E19DD5E}.Debug|Any CPU.ActiveCfg = Debug|Any CPU
		{A13E01D9-F983-4BA7-BCD6-32923E19DD5E}.Debug|Any CPU.Build.0 = Debug|Any CPU
		{A13E01D9-F983-4BA7-BCD6-32923E19DD5E}.Release|Any CPU.ActiveCfg = Release|Any CPU
		{A13E01D9-F983-4BA7-BCD6-32923E19DD5E}.Release|Any CPU.Build.0 = Release|Any CPU
		{12AC501D-471A-4507-A383-BE120EAED0D6}.Debug|Any CPU.ActiveCfg = Debug|Any CPU
		{12AC501D-471A-4507-A383-BE120EAED0D6}.Debug|Any CPU.Build.0 = Debug|Any CPU
		{12AC501D-471A-4507-A383-BE120EAED0D6}.Release|Any CPU.ActiveCfg = Release|Any CPU
		{12AC501D-471A-4507-A383-BE120EAED0D6}.Release|Any CPU.Build.0 = Release|Any CPU
		{E0B1C437-2578-4048-937D-A66D7222E17F}.Debug|Any CPU.ActiveCfg = Debug|Any CPU
		{E0B1C437-2578-4048-937D-A66D7222E17F}.Debug|Any CPU.Build.0 = Debug|Any CPU
		{E0B1C437-2578-4048-937D-A66D7222E17F}.Release|Any CPU.ActiveCfg = Release|Any CPU
		{E0B1C437-2578-4048-937D-A66D7222E17F}.Release|Any CPU.Build.0 = Release|Any CPU
		{099A3582-8F67-40CB-A59E-C891665A507F}.Debug|Any CPU.ActiveCfg = Debug|Any CPU
		{099A3582-8F67-40CB-A59E-C891665A507F}.Debug|Any CPU.Build.0 = Debug|Any CPU
		{099A3582-8F67-40CB-A59E-C891665A507F}.Release|Any CPU.ActiveCfg = Release|Any CPU
		{099A3582-8F67-40CB-A59E-C891665A507F}.Release|Any CPU.Build.0 = Release|Any CPU
		{2F073D87-B4C8-4B12-8FE4-AF5F574176F2}.Debug|Any CPU.ActiveCfg = Debug|Any CPU
		{2F073D87-B4C8-4B12-8FE4-AF5F574176F2}.Debug|Any CPU.Build.0 = Debug|Any CPU
		{2F073D87-B4C8-4B12-8FE4-AF5F574176F2}.Release|Any CPU.ActiveCfg = Release|Any CPU
		{2F073D87-B4C8-4B12-8FE4-AF5F574176F2}.Release|Any CPU.Build.0 = Release|Any CPU
	EndGlobalSection
	GlobalSection(SolutionProperties) = preSolution
		HideSolutionNode = FALSE
	EndGlobalSection
	GlobalSection(ExtensibilityGlobals) = postSolution
		SolutionGuid = {D74C704E-AD8B-4628-B00F-50611EC1965C}
	EndGlobalSection
EndGlobal
